# THIS IS AN AUTOGENERATED FILE. DO NOT EDIT THIS FILE DIRECTLY.
# yarn lockfile v1


"@emnapi/core@^1.7.1":
  version "1.8.1"
  resolved "https://registry.yarnpkg.com/@emnapi/core/-/core-1.8.1.tgz#fd9efe721a616288345ffee17a1f26ac5dd01349"
  integrity sha512-AvT9QFpxK0Zd8J0jopedNm+w/2fIzvtPKPjqyw9jwvBaReTTqPBk9Hixaz7KbjimP+QNz605/XnjFcDAL2pqBg==
  dependencies:
    "@emnapi/wasi-threads" "1.1.0"
    tslib "^2.4.0"

"@emnapi/runtime@^1.7.1":
  version "1.8.1"
  resolved "https://registry.yarnpkg.com/@emnapi/runtime/-/runtime-1.8.1.tgz#550fa7e3c0d49c5fb175a116e8cd70614f9a22a5"
  integrity sha512-mehfKSMWjjNol8659Z8KxEMrdSJDDot5SXMq00dM8BN4o+CLNXQ0xH2V7EchNHV4RmbZLmmPdEaXZc5H2FXmDg==
  dependencies:
    tslib "^2.4.0"

"@emnapi/wasi-threads@1.1.0":
  version "1.1.0"
  resolved "https://registry.yarnpkg.com/@emnapi/wasi-threads/-/wasi-threads-1.1.0.tgz#60b2102fddc9ccb78607e4a3cf8403ea69be41bf"
  integrity sha512-WI0DdZ8xFSbgMjR1sFsKABJ/C5OnRrjT06JXbZKexJGrDuPTzZdDYfFlsgcCXCyf+suG5QU2e/y1Wo2V/OapLQ==
  dependencies:
    tslib "^2.4.0"

"@jridgewell/sourcemap-codec@^1.5.5":
  version "1.5.5"
  resolved "https://registry.yarnpkg.com/@jridgewell/sourcemap-codec/-/sourcemap-codec-1.5.5.tgz#6912b00d2c631c0d15ce1a7ab57cd657f2a8f8ba"
  integrity sha512-cYQ9310grqxueWbl+WuIUIaiUaDcj7WOq5fVhEljNVgRfOUhY9fy2zTvfoqWsnebh8Sl70VScFbICvJnLKB0Og==

"@js-joda/core@3.2.0":
  version "3.2.0"
  resolved "https://registry.yarnpkg.com/@js-joda/core/-/core-3.2.0.tgz#3e61e21b7b2b8a6be746df1335cf91d70db2a273"
  integrity sha512-PMqgJ0sw5B7FKb2d5bWYIoxjri+QlW/Pys7+Rw82jSH0QN3rB05jZ/VrrsUdh1w4+i2kw9JOejXGq/KhDOX7Kg==

"@napi-rs/wasm-runtime@^1.1.0":
  version "1.1.1"
  resolved "https://registry.yarnpkg.com/@napi-rs/wasm-runtime/-/wasm-runtime-1.1.1.tgz#c3705ab549d176b8dc5172723d6156c3dc426af2"
  integrity sha512-p64ah1M1ld8xjWv3qbvFwHiFVWrq1yFvV4f7w+mzaqiR4IlSgkqhcRdHwsGgomwzBH51sRY4NEowLxnaBjcW/A==
  dependencies:
    "@emnapi/core" "^1.7.1"
    "@emnapi/runtime" "^1.7.1"
    "@tybys/wasm-util" "^0.10.1"

"@nodelib/fs.scandir@2.1.5":
  version "2.1.5"
  resolved "https://registry.yarnpkg.com/@nodelib/fs.scandir/-/fs.scandir-2.1.5.tgz#7619c2eb21b25483f6d167548b4cfd5a7488c3d5"
  integrity sha512-vq24Bq3ym5HEQm2NKCr3yXDwjc7vTsEThRDnkp2DK9p1uqLR+DHurm/NOTo0KG7HYHU7eppKZj3MyqYuMBf62g==
  dependencies:
    "@nodelib/fs.stat" "2.0.5"
    run-parallel "^1.1.9"

"@nodelib/fs.stat@2.0.5", "@nodelib/fs.stat@^2.0.2":
  version "2.0.5"
  resolved "https://registry.yarnpkg.com/@nodelib/fs.stat/-/fs.stat-2.0.5.tgz#5bd262af94e9d25bd1e71b05deed44876a222e8b"
  integrity sha512-RkhPPp2zrqDAQA/2jNhnztcPAlv64XdhIp7a7454A5ovI7Bukxgt7MX7udwAu3zg1DcpPU0rz3VV1SeaqvY4+A==

"@nodelib/fs.walk@^1.2.3":
  version "1.2.8"
  resolved "https://registry.yarnpkg.com/@nodelib/fs.walk/-/fs.walk-1.2.8.tgz#e95737e8bb6746ddedf69c556953494f196fe69a"
  integrity sha512-oGB+UxlgWcgQkgwo8GcEGwemoTFt3FIO9ababBmaGwXIoBKZ+GTy0pP185beGg7Llih/NSHSV2XAs1lnznocSg==
  dependencies:
    "@nodelib/fs.scandir" "2.1.5"
    fastq "^1.6.0"

"@oxc-project/runtime@0.102.0":
  version "0.102.0"
  resolved "https://registry.yarnpkg.com/@oxc-project/runtime/-/runtime-0.102.0.tgz#bcf4f076a1cf14c598e7a0fc53243f63ce99a558"
  integrity sha512-vEDGxVIeeO+u5XCHD5+iSzWwC3DgRpEaf3lPZETC+6GnoRKHaxbxV6XqpbOhiY423RVkAbBEtfetfrjJjPWByA==

"@oxc-project/types@=0.102.0":
  version "0.102.0"
  resolved "https://registry.yarnpkg.com/@oxc-project/types/-/types-0.102.0.tgz#2bcb2fa28790a8ff26bac2a517a6302889ece52b"
  integrity sha512-8Skrw405g+/UJPKWJ1twIk3BIH2nXdiVlVNtYT23AXVwpsd79es4K+KYt06Fbnkc5BaTvk/COT2JuCLYdwnCdA==

"@rolldown/binding-android-arm64@1.0.0-beta.54":
  version "1.0.0-beta.54"
  resolved "https://registry.yarnpkg.com/@rolldown/binding-android-arm64/-/binding-android-arm64-1.0.0-beta.54.tgz#e2f9d48016a75e8251f3c72ab715e96370cd2dd1"
  integrity sha512-zZRx/ur3Fai3fxiEmVp48+6GCBR48PRWJR1X3TTMn9yiq2bBHlYPgBaQtDOYWXv5H3J5dXujeTyGnuoY+kdGCg==

"@rolldown/binding-darwin-arm64@1.0.0-beta.54":
  version "1.0.0-beta.54"
  resolved "https://registry.yarnpkg.com/@rolldown/binding-darwin-arm64/-/binding-darwin-arm64-1.0.0-beta.54.tgz#61c1b5a92049f95af1278c81a1fa3b264e8eddee"
  integrity sha512-zMyFEJmbIs91x22HAA/eUvmZHgjX8tGsD3TJ+WC9aY4bCdl3w84H9vMZmChSHAF1dYvGNH4KQDI2IubeZaCYtg==

"@rolldown/binding-darwin-x64@1.0.0-beta.54":
  version "1.0.0-beta.54"
  resolved "https://registry.yarnpkg.com/@rolldown/binding-darwin-x64/-/binding-darwin-x64-1.0.0-beta.54.tgz#16eeca266e302a5b318d07e59fdbfa1afa4f44df"
  integrity sha512-Ex7QttdaVnEpmE/zroUT5Qm10e2+Vjd9q0LX9eXm59SitxDODMpC8GI1Rct5RrLf4GLU4DzdXBj6DGzuR+6g6w==

"@rolldown/binding-freebsd-x64@1.0.0-beta.54":
  version "1.0.0-beta.54"
  resolved "https://registry.yarnpkg.com/@rolldown/binding-freebsd-x64/-/binding-freebsd-x64-1.0.0-beta.54.tgz#651c285d160050d437c4e5c62e1b3e96523e5d27"
  integrity sha512-E1XO10ryM/Vxw3Q1wvs9s2mSpVBfbHtzkbJcdu26qh17ZmVwNWLiIoqEcbkXm028YwkReG4Gd2gCZ3NxgTQ28Q==

"@rolldown/binding-linux-arm-gnueabihf@1.0.0-beta.54":
  version "1.0.0-beta.54"
  resolved "https://registry.yarnpkg.com/@rolldown/binding-linux-arm-gnueabihf/-/binding-linux-arm-gnueabihf-1.0.0-beta.54.tgz#b51751728f98519d5b4cd314c496fcaa94b16ba0"
  integrity sha512-oS73Uks8jczQR9pg0Bj718vap/x71exyJ5yuxu4X5V4MhwRQnky7ANSPm6ARUfraxOqt49IBfcMeGnw2rTSqdA==

"@rolldown/binding-linux-arm64-gnu@1.0.0-beta.54":
  version "1.0.0-beta.54"
  resolved "https://registry.yarnpkg.com/@rolldown/binding-linux-arm64-gnu/-/binding-linux-arm64-gnu-1.0.0-beta.54.tgz#0a5f7fda61c106d507dca96adeaf86672d1d7635"
  integrity sha512-pY8N2X5C+/ZQcy0eRdfOzOP//OFngP1TaIqDjFwfBPws2UNavKS8SpxhPEgUaYIaT0keVBd/TB+eVy9z+CIOtw==

"@rolldown/binding-linux-arm64-musl@1.0.0-beta.54":
  version "1.0.0-beta.54"
  resolved "https://registry.yarnpkg.com/@rolldown/binding-linux-arm64-musl/-/binding-linux-arm64-musl-1.0.0-beta.54.tgz#d03c86888d586b18e1be4e8952bbfe350470dfe3"
  integrity sha512-cgTooAFm2MUmFriB7IYaWBNyqrGlRPKG+yaK2rGFl2rcdOcO24urY4p3eyB0ogqsRLvJbIxwjjYiWiIP7Eo1Cw==

"@rolldown/binding-linux-x64-gnu@1.0.0-beta.54":
  version "1.0.0-beta.54"
  resolved "https://registry.yarnpkg.com/@rolldown/binding-linux-x64-gnu/-/binding-linux-x64-gnu-1.0.0-beta.54.tgz#6a9cb6eab8fc886a21f5f9317a381fc757896b39"
  integrity sha512-nGyLT1Qau0W+kEL44V2jhHmvfS3wyJW08E4WEu2E6NuIy+uChKN1X0aoxzFIDi2owDsYaZYez/98/f268EupIQ==

"@rolldown/binding-linux-x64-musl@1.0.0-beta.54":
  version "1.0.0-beta.54"
  resolved "https://registry.yarnpkg.com/@rolldown/binding-linux-x64-musl/-/binding-linux-x64-musl-1.0.0-beta.54.tgz#8618b000b4e8ab12f6ed0cdba720064689d2d556"
  integrity sha512-KH374P0TUjDXssROT/orvzaWrzGOptD13PTrltgKwbDprJTMknoLiYsOD6Ttz92O2VuAcCtFuJ1xbyFM2Uo/Xg==

"@rolldown/binding-openharmony-arm64@1.0.0-beta.54":
  version "1.0.0-beta.54"
  resolved "https://registry.yarnpkg.com/@rolldown/binding-openharmony-arm64/-/binding-openharmony-arm64-1.0.0-beta.54.tgz#3b17bd055c68ba162e08b3d1c0bfeb759ce020bb"
  integrity sha512-oMAVO4wbfAbhpBxPsSp8R7ntL2DchpNfO+tGhN8/sI9jsbYwOv78uIW1fTwOBslhjTVFltGJ+l23mubNQcYNaQ==

"@rolldown/binding-wasm32-wasi@1.0.0-beta.54":
  version "1.0.0-beta.54"
  resolved "https://registry.yarnpkg.com/@rolldown/binding-wasm32-wasi/-/binding-wasm32-wasi-1.0.0-beta.54.tgz#6a609aac091ed9958a6a3fb456a406b38eea9775"
  integrity sha512-MYY/FmY+HehHiQkNx04W5oLy/Fqd1hXYqZmmorSDXvAHnxMbSgmdFicKsSYOg/sVGHBMEP1tTn6kV5sWrS45rA==
  dependencies:
    "@napi-rs/wasm-runtime" "^1.1.0"

"@rolldown/binding-win32-arm64-msvc@1.0.0-beta.54":
  version "1.0.0-beta.54"
  resolved "https://registry.yarnpkg.com/@rolldown/binding-win32-arm64-msvc/-/binding-win32-arm64-msvc-1.0.0-beta.54.tgz#ca91390689cbe97868d6c5cd0219100e1c3af026"
  integrity sha512-66o3uKxUmcYskT9exskxs3OVduXf5x0ndlMkYOjSpBgqzhLtkub136yDvZkNT1OkNDET0odSwcU7aWdpnwzAyg==

"@rolldown/binding-win32-x64-msvc@1.0.0-beta.54":
  version "1.0.0-beta.54"
  resolved "https://registry.yarnpkg.com/@rolldown/binding-win32-x64-msvc/-/binding-win32-x64-msvc-1.0.0-beta.54.tgz#e45a8162275479a0ac9c8604be472957e8481c25"
  integrity sha512-FbbbrboChLBXfeEsOfaypBGqzbdJ/CcSA2BPLCggojnIHy58Jo+AXV7HATY8opZk7194rRbokIT8AfPJtZAWtg==

"@rolldown/pluginutils@1.0.0-beta.54":
  version "1.0.0-beta.54"
  resolved "https://registry.yarnpkg.com/@rolldown/pluginutils/-/pluginutils-1.0.0-beta.54.tgz#4d32535a54ca9c7ac0b1807ae249b6f5d5390bbc"
  integrity sha512-AHgcZ+w7RIRZ65ihSQL8YuoKcpD9Scew4sEeP1BBUT9QdTo6KjwHrZZXjID6nL10fhKessCH6OPany2QKwAwTQ==

"@tybys/wasm-util@^0.10.1":
  version "0.10.1"
  resolved "https://registry.yarnpkg.com/@tybys/wasm-util/-/wasm-util-0.10.1.tgz#ecddd3205cf1e2d5274649ff0eedd2991ed7f414"
  integrity sha512-9tTaPJLSiejZKx+Bmog4uSubteqTvFrVrURwkmHixBo0G4seD0zUxp98E1DzUBJxLQ3NPwXrGKDiVjwx/DpPsg==
  dependencies:
    tslib "^2.4.0"

aaa-kilua-assets@0.0.19:
  version "0.0.19"
  resolved "https://registry.yarnpkg.com/aaa-kilua-assets/-/aaa-kilua-assets-0.0.19.tgz#44668100b5726fb15943d1bb5fc9ca2f74b78c94"
  integrity sha512-p/g5ftM+Cb1BNXerYJenbIT+gd7QwvYmL4t+lJQvL/mmU8FAYJIFPZ3rwQIGCRJVxTB97OAyPppOf3uVxwIDdw==

acorn@^8.12.1:
  version "8.15.0"
  resolved "https://registry.yarnpkg.com/acorn/-/acorn-8.15.0.tgz#a360898bc415edaac46c8241f6383975b930b816"
  integrity sha512-NZyJarBfL7nWwIq+FDL6Zp/yHEhePMNnnJ0y3qfieCrmNvYct8uvtiV41UvlSe6apAfk0fY1FbWx+NwfmpvtTg==

braces@^3.0.3:
  version "3.0.3"
  resolved "https://registry.yarnpkg.com/braces/-/braces-3.0.3.tgz#490332f40919452272d55a8480adc0c441358789"
  integrity sha512-yQbXgO/OSZVD2IsiLlro+7Hf6Q18EJrKSEsdoMzKePKXct3gvD8oLcOQdIzGupr5Fj+EDe8gO/lxc1BzfMpxvA==
  dependencies:
    fill-range "^7.1.1"

detect-libc@^2.0.3:
  version "2.1.2"
  resolved "https://registry.yarnpkg.com/detect-libc/-/detect-libc-2.1.2.tgz#689c5dcdc1900ef5583a4cb9f6d7b473742074ad"
  integrity sha512-Btj2BOOO83o3WyH59e8MgXsxEQVcarkUOpEYrubB0urwnN10yQ364rsiByU11nZlqWYZm05i/of7io4mzihBtQ==

es-module-lexer@^1.5.4:
  version "1.7.0"
  resolved "https://registry.yarnpkg.com/es-module-lexer/-/es-module-lexer-1.7.0.tgz#9159601561880a85f2734560a9099b2c31e5372a"
  integrity sha512-jEQoCwk8hyb2AZziIOLhDqpm5+2ww5uIE6lkO/6jcOCusfk6LhMHpXXfBLXTZ7Ydyt0j4VoUQv6uGNYbdW+kBA==

fast-glob@^3.3.2:
  version "3.3.3"
  resolved "https://registry.yarnpkg.com/fast-glob/-/fast-glob-3.3.3.tgz#d06d585ce8dba90a16b0505c543c3ccfb3aeb818"
  integrity sha512-7MptL8U0cqcFdzIzwOTHoilX9x5BrNqye7Z/LuC7kCMRio1EMSyqRK3BEAUD7sXRq4iT4AzTVuZdhgQ2TCvYLg==
  dependencies:
    "@nodelib/fs.stat" "^2.0.2"
    "@nodelib/fs.walk" "^1.2.3"
    glob-parent "^5.1.2"
    merge2 "^1.3.0"
    micromatch "^4.0.8"

fastq@^1.6.0:
  version "1.20.1"
  resolved "https://registry.yarnpkg.com/fastq/-/fastq-1.20.1.tgz#ca750a10dc925bc8b18839fd203e3ef4b3ced675"
  integrity sha512-GGToxJ/w1x32s/D2EKND7kTil4n8OVk/9mycTc4VDza13lOvpUZTGX3mFSCtV9ksdGBVzvsyAVLM6mHFThxXxw==
  dependencies:
    reusify "^1.0.4"

fdir@^6.5.0:
  version "6.5.0"
  resolved "https://registry.yarnpkg.com/fdir/-/fdir-6.5.0.tgz#ed2ab967a331ade62f18d077dae192684d50d350"
  integrity sha512-tIbYtZbucOs0BRGqPJkshJUYdL+SDH7dVM8gjy+ERp3WAUjLEFJE+02kanyHtwjWOnwrKYBiwAmM0p4kLJAnXg==

fill-range@^7.1.1:
  version "7.1.1"
  resolved "https://registry.yarnpkg.com/fill-range/-/fill-range-7.1.1.tgz#44265d3cac07e3ea7dc247516380643754a05292"
  integrity sha512-YsGpe3WHLK8ZYi4tWDg2Jy3ebRz2rXowDxnld4bkQB00cc/1Zw9AWnC0i9ztDJitivtQvaI9KaLyKrc+hBW0yg==
  dependencies:
    to-regex-range "^5.0.1"

fsevents@~2.3.3:
  version "2.3.3"
  resolved "https://registry.yarnpkg.com/fsevents/-/fsevents-2.3.3.tgz#cac6407785d03675a2a5e1a5305c697b347d90d6"
  integrity sha512-5xoDfX+fL7faATnagmWPpbFtwh/R77WmMMqqHGS65C3vvB0YHrgF+B1YmZ3441tMj5n63k0212XNoJwzlhffQw==

glob-parent@^5.1.2:
  version "5.1.2"
  resolved "https://registry.yarnpkg.com/glob-parent/-/glob-parent-5.1.2.tgz#869832c58034fe68a4093c17dc15e8340d8401c4"
  integrity sha512-AOIgSQCepiJYwP3ARnGx+5VnTu2HBYdzbGP45eLw1vr3zB3vZLeyed1sC9hnbcOc9/SrMyM5RPQrkGz4aS9Zow==
  dependencies:
    is-glob "^4.0.1"

is-extglob@^2.1.1:
  version "2.1.1"
  resolved "https://registry.yarnpkg.com/is-extglob/-/is-extglob-2.1.1.tgz#a88c02535791f02ed37c76a1b9ea9773c833f8c2"
  integrity sha512-SbKbANkN603Vi4jEZv49LeVJMn4yGwsbzZworEoyEiutsN3nJYdbO36zfhGJ6QEDpOZIFkDtnq5JRxmvl3jsoQ==

is-glob@^4.0.1:
  version "4.0.3"
  resolved "https://registry.yarnpkg.com/is-glob/-/is-glob-4.0.3.tgz#64f61e42cbbb2eec2071a9dac0b28ba1e65d5084"
  integrity sha512-xelSayHH36ZgE7ZWhli7pW34hNbNl8Ojv5KVmkJD4hBdD3th8Tfk9vYasLM+mXWOZhFkgZfxhLSnrwRr4elSSg==
  dependencies:
    is-extglob "^2.1.1"

is-number@^7.0.0:
  version "7.0.0"
  resolved "https://registry.yarnpkg.com/is-number/-/is-number-7.0.0.tgz#7535345b896734d5f80c4d06c50955527a14f12b"
  integrity sha512-41Cifkg6e8TylSpdtTpeLVMqvSBEVzTttHvERD741+pnZ8ANv0004MRL43QKPDlK9cGvNp6NZWZUBlbGXYxxng==

lightningcss-android-arm64@1.30.2:
  version "1.30.2"
  resolved "https://registry.yarnpkg.com/lightningcss-android-arm64/-/lightningcss-android-arm64-1.30.2.tgz#6966b7024d39c94994008b548b71ab360eb3a307"
  integrity sha512-BH9sEdOCahSgmkVhBLeU7Hc9DWeZ1Eb6wNS6Da8igvUwAe0sqROHddIlvU06q3WyXVEOYDZ6ykBZQnjTbmo4+A==

lightningcss-darwin-arm64@1.30.2:
  version "1.30.2"
  resolved "https://registry.yarnpkg.com/lightningcss-darwin-arm64/-/lightningcss-darwin-arm64-1.30.2.tgz#a5fa946d27c029e48c7ff929e6e724a7de46eb2c"
  integrity sha512-ylTcDJBN3Hp21TdhRT5zBOIi73P6/W0qwvlFEk22fkdXchtNTOU4Qc37SkzV+EKYxLouZ6M4LG9NfZ1qkhhBWA==

lightningcss-darwin-x64@1.30.2:
  version "1.30.2"
  resolved "https://registry.yarnpkg.com/lightningcss-darwin-x64/-/lightningcss-darwin-x64-1.30.2.tgz#5ce87e9cd7c4f2dcc1b713f5e8ee185c88d9b7cd"
  integrity sha512-oBZgKchomuDYxr7ilwLcyms6BCyLn0z8J0+ZZmfpjwg9fRVZIR5/GMXd7r9RH94iDhld3UmSjBM6nXWM2TfZTQ==

lightningcss-freebsd-x64@1.30.2:
  version "1.30.2"
  resolved "https://registry.yarnpkg.com/lightningcss-freebsd-x64/-/lightningcss-freebsd-x64-1.30.2.tgz#6ae1d5e773c97961df5cff57b851807ef33692a5"
  integrity sha512-c2bH6xTrf4BDpK8MoGG4Bd6zAMZDAXS569UxCAGcA7IKbHNMlhGQ89eRmvpIUGfKWNVdbhSbkQaWhEoMGmGslA==

lightningcss-linux-arm-gnueabihf@1.30.2:
  version "1.30.2"
  resolved "https://registry.yarnpkg.com/lightningcss-linux-arm-gnueabihf/-/lightningcss-linux-arm-gnueabihf-1.30.2.tgz#62c489610c0424151a6121fa99d77731536cdaeb"
  integrity sha512-eVdpxh4wYcm0PofJIZVuYuLiqBIakQ9uFZmipf6LF/HRj5Bgm0eb3qL/mr1smyXIS1twwOxNWndd8z0E374hiA==

lightningcss-linux-arm64-gnu@1.30.2:
  version "1.30.2"
  resolved "https://registry.yarnpkg.com/lightningcss-linux-arm64-gnu/-/lightningcss-linux-arm64-gnu-1.30.2.tgz#2a3661b56fe95a0cafae90be026fe0590d089298"
  integrity sha512-UK65WJAbwIJbiBFXpxrbTNArtfuznvxAJw4Q2ZGlU8kPeDIWEX1dg3rn2veBVUylA2Ezg89ktszWbaQnxD/e3A==

lightningcss-linux-arm64-musl@1.30.2:
  version "1.30.2"
  resolved "https://registry.yarnpkg.com/lightningcss-linux-arm64-musl/-/lightningcss-linux-arm64-musl-1.30.2.tgz#d7ddd6b26959245e026bc1ad9eb6aa983aa90e6b"
  integrity sha512-5Vh9dGeblpTxWHpOx8iauV02popZDsCYMPIgiuw97OJ5uaDsL86cnqSFs5LZkG3ghHoX5isLgWzMs+eD1YzrnA==

lightningcss-linux-x64-gnu@1.30.2:
  version "1.30.2"
  resolved "https://registry.yarnpkg.com/lightningcss-linux-x64-gnu/-/lightningcss-linux-x64-gnu-1.30.2.tgz#5a89814c8e63213a5965c3d166dff83c36152b1a"
  integrity sha512-Cfd46gdmj1vQ+lR6VRTTadNHu6ALuw2pKR9lYq4FnhvgBc4zWY1EtZcAc6EffShbb1MFrIPfLDXD6Xprbnni4w==

lightningcss-linux-x64-musl@1.30.2:
  version "1.30.2"
  resolved "https://registry.yarnpkg.com/lightningcss-linux-x64-musl/-/lightningcss-linux-x64-musl-1.30.2.tgz#808c2e91ce0bf5d0af0e867c6152e5378c049728"
  integrity sha512-XJaLUUFXb6/QG2lGIW6aIk6jKdtjtcffUT0NKvIqhSBY3hh9Ch+1LCeH80dR9q9LBjG3ewbDjnumefsLsP6aiA==

lightningcss-win32-arm64-msvc@1.30.2:
  version "1.30.2"
  resolved "https://registry.yarnpkg.com/lightningcss-win32-arm64-msvc/-/lightningcss-win32-arm64-msvc-1.30.2.tgz#ab4a8a8a2e6a82a4531e8bbb6bf0ff161ee6625a"
  integrity sha512-FZn+vaj7zLv//D/192WFFVA0RgHawIcHqLX9xuWiQt7P0PtdFEVaxgF9rjM/IRYHQXNnk61/H/gb2Ei+kUQ4xQ==

lightningcss-win32-x64-msvc@1.30.2:
  version "1.30.2"
  resolved "https://registry.yarnpkg.com/lightningcss-win32-x64-msvc/-/lightningcss-win32-x64-msvc-1.30.2.tgz#f01f382c8e0a27e1c018b0bee316d210eac43b6e"
  integrity sha512-5g1yc73p+iAkid5phb4oVFMB45417DkRevRbt/El/gKXJk4jid+vPFF/AXbxn05Aky8PapwzZrdJShv5C0avjw==

lightningcss@^1.30.2:
  version "1.30.2"
  resolved "https://registry.yarnpkg.com/lightningcss/-/lightningcss-1.30.2.tgz#4ade295f25d140f487d37256f4cd40dc607696d0"
  integrity sha512-utfs7Pr5uJyyvDETitgsaqSyjCb2qNRAtuqUeWIAKztsOYdcACf2KtARYXg2pSvhkt+9NfoaNY7fxjl6nuMjIQ==
  dependencies:
    detect-libc "^2.0.3"
  optionalDependencies:
    lightningcss-android-arm64 "1.30.2"
    lightningcss-darwin-arm64 "1.30.2"
    lightningcss-darwin-x64 "1.30.2"
    lightningcss-freebsd-x64 "1.30.2"
    lightningcss-linux-arm-gnueabihf "1.30.2"
    lightningcss-linux-arm64-gnu "1.30.2"
    lightningcss-linux-arm64-musl "1.30.2"
    lightningcss-linux-x64-gnu "1.30.2"
    lightningcss-linux-x64-musl "1.30.2"
    lightningcss-win32-arm64-msvc "1.30.2"
    lightningcss-win32-x64-msvc "1.30.2"

magic-string@^0.30.11:
  version "0.30.21"
  resolved "https://registry.yarnpkg.com/magic-string/-/magic-string-0.30.21.tgz#56763ec09a0fa8091df27879fd94d19078c00d91"
  integrity sha512-vd2F4YUyEXKGcLHoq+TEyCjxueSeHnFxyyjNp80yg0XV4vUhnDer/lvvlqM/arB5bXQN5K2/3oinyCRyx8T2CQ==
  dependencies:
    "@jridgewell/sourcemap-codec" "^1.5.5"

merge2@^1.3.0:
  version "1.4.1"
  resolved "https://registry.yarnpkg.com/merge2/-/merge2-1.4.1.tgz#4368892f885e907455a6fd7dc55c0c9d404990ae"
  integrity sha512-8q7VEgMJW4J8tcfVPy8g09NcQwZdbwFEqhe/WZkoIzjn/3TGDwtOCYtXGxA3O8tPzpczCCDgv+P2P5y00ZJOOg==

micromatch@^4.0.8:
  version "4.0.8"
  resolved "https://registry.yarnpkg.com/micromatch/-/micromatch-4.0.8.tgz#d66fa18f3a47076789320b9b1af32bd86d9fa202"
  integrity sha512-PXwfBhYu0hBCPw8Dn0E+WDYb7af3dSLVWKi3HGv84IdF4TyFoC0ysxFd0Goxw7nSv4T/PzEJQxsYsEiFCKo2BA==
  dependencies:
    braces "^3.0.3"
    picomatch "^2.3.1"

nanoid@^3.3.11:
  version "3.3.11"
  resolved "https://registry.yarnpkg.com/nanoid/-/nanoid-3.3.11.tgz#4f4f112cefbe303202f2199838128936266d185b"
  integrity sha512-N8SpfPUnUp1bK+PMYW8qSWdl9U+wwNWI4QKxOYDy9JAro3WMX7p2OeVRF9v+347pnakNevPmiHhNmZ2HbFA76w==

picocolors@^1.1.1:
  version "1.1.1"
  resolved "https://registry.yarnpkg.com/picocolors/-/picocolors-1.1.1.tgz#3d321af3eab939b083c8f929a1d12cda81c26b6b"
  integrity sha512-xceH2snhtb5M9liqDsmEw56le376mTZkEX/jEb/RxNFyegNul7eNslCXP9FDj/Lcu0X8KEyMceP2ntpaHrDEVA==

picomatch@^2.3.1:
  version "2.3.1"
  resolved "https://registry.yarnpkg.com/picomatch/-/picomatch-2.3.1.tgz#3ba3833733646d9d3e4995946c1365a67fb07a42"
  integrity sha512-JU3teHTNjmE2VCGFzuY8EXzCDVwEqB2a8fsIvwaStHhAWJEeVd1o1QD80CU6+ZdEXXSLbSsuLwJjkCBWqRQUVA==

picomatch@^4.0.3:
  version "4.0.3"
  resolved "https://registry.yarnpkg.com/picomatch/-/picomatch-4.0.3.tgz#796c76136d1eead715db1e7bad785dedd695a042"
  integrity sha512-5gTmgEY/sqK6gFXLIsQNH19lWb4ebPDLA4SdLP7dsWkIXHWlG66oPuVvXSGFPppYZz8ZDZq0dYYrbHfBCVUb1Q==

postcss@^8.5.6:
  version "8.5.6"
  resolved "https://registry.yarnpkg.com/postcss/-/postcss-8.5.6.tgz#2825006615a619b4f62a9e7426cc120b349a8f3c"
  integrity sha512-3Ybi1tAuwAP9s0r1UQ2J4n5Y0G05bJkpUIO0/bI9MhwmD70S5aTWbXGBwxHrelT+XM1k6dM0pk+SwNkpTRN7Pg==
  dependencies:
    nanoid "^3.3.11"
    picocolors "^1.1.1"
    source-map-js "^1.2.1"

queue-microtask@^1.2.2:
  version "1.2.3"
  resolved "https://registry.yarnpkg.com/queue-microtask/-/queue-microtask-1.2.3.tgz#4929228bbc724dfac43e0efb058caf7b6cfb6243"
  integrity sha512-NuaNSa6flKT5JaSYQzJok04JzTL1CA6aGhv5rfLW3PgqA+M2ChpZQnAC8h8i4ZFkBS8X5RqkDBHA7r4hej3K9A==

reusify@^1.0.4:
  version "1.1.0"
  resolved "https://registry.yarnpkg.com/reusify/-/reusify-1.1.0.tgz#0fe13b9522e1473f51b558ee796e08f11f9b489f"
  integrity sha512-g6QUff04oZpHs0eG5p83rFLhHeV00ug/Yf9nZM6fLeUrPguBTkTQOdpAWWspMh55TZfVQDPaN3NQJfbVRAxdIw==

rolldown@1.0.0-beta.54:
  version "1.0.0-beta.54"
  resolved "https://registry.yarnpkg.com/rolldown/-/rolldown-1.0.0-beta.54.tgz#97ed4e61a71004563d2a86d39d15340021df7bfc"
  integrity sha512-3lIvjCWgjPL3gmiATUdV1NeVBGJZy6FdtwgLPol25tAkn46Q/MsVGfCSNswXwFOxGrxglPaN20IeALSIFuFyEg==
  dependencies:
    "@oxc-project/types" "=0.102.0"
    "@rolldown/pluginutils" "1.0.0-beta.54"
  optionalDependencies:
    "@rolldown/binding-android-arm64" "1.0.0-beta.54"
    "@rolldown/binding-darwin-arm64" "1.0.0-beta.54"
    "@rolldown/binding-darwin-x64" "1.0.0-beta.54"
    "@rolldown/binding-freebsd-x64" "1.0.0-beta.54"
    "@rolldown/binding-linux-arm-gnueabihf" "1.0.0-beta.54"
    "@rolldown/binding-linux-arm64-gnu" "1.0.0-beta.54"
    "@rolldown/binding-linux-arm64-musl" "1.0.0-beta.54"
    "@rolldown/binding-linux-x64-gnu" "1.0.0-beta.54"
    "@rolldown/binding-linux-x64-musl" "1.0.0-beta.54"
    "@rolldown/binding-openharmony-arm64" "1.0.0-beta.54"
    "@rolldown/binding-wasm32-wasi" "1.0.0-beta.54"
    "@rolldown/binding-win32-arm64-msvc" "1.0.0-beta.54"
    "@rolldown/binding-win32-x64-msvc" "1.0.0-beta.54"

run-parallel@^1.1.9:
  version "1.2.0"
  resolved "https://registry.yarnpkg.com/run-parallel/-/run-parallel-1.2.0.tgz#66d1368da7bdf921eb9d95bd1a9229e7f21a43ee"
  integrity sha512-5l4VyZR86LZ/lDxZTR6jqL8AFE2S0IFLMP26AbjsLVADxHdhB/c0GUsH+y39UfCi3dzz8OlQuPmnaJOMoDHQBA==
  dependencies:
    queue-microtask "^1.2.2"

source-map-js@^1.2.1:
  version "1.2.1"
  resolved "https://registry.yarnpkg.com/source-map-js/-/source-map-js-1.2.1.tgz#1ce5650fddd87abc099eda37dcff024c2667ae46"
  integrity sha512-UXWMKhLOwVKb728IUtQPXxfYU+usdybtUrK/8uGE8CQMvrhOpwvzDBwj0QhSL7MQc7vIsISBG8VQ8+IDQxpfQA==

tinyglobby@^0.2.15:
  version "0.2.15"
  resolved "https://registry.yarnpkg.com/tinyglobby/-/tinyglobby-0.2.15.tgz#e228dd1e638cea993d2fdb4fcd2d4602a79951c2"
  integrity sha512-j2Zq4NyQYG5XMST4cbs02Ak8iJUdxRM0XI5QyxXuZOzKOINmWurp3smXu3y5wDcJrptwpSjgXHzIQxR0omXljQ==
  dependencies:
    fdir "^6.5.0"
    picomatch "^4.0.3"

to-regex-range@^5.0.1:
  version "5.0.1"
  resolved "https://registry.yarnpkg.com/to-regex-range/-/to-regex-range-5.0.1.tgz#1648c44aae7c8d988a326018ed72f5b4dd0392e4"
  integrity sha512-65P7iz6X5yEr1cwcgvQxbbIw7Uk3gOy5dIdtZ4rDveLqhrdJP+Li/Hx6tyK0NEb+2GCyneCMJiGqrADCSNk8sQ==
  dependencies:
    is-number "^7.0.0"

tslib@^2.4.0:
  version "2.8.1"
  resolved "https://registry.yarnpkg.com/tslib/-/tslib-2.8.1.tgz#612efe4ed235d567e8aba5f2a5fab70280ade83f"
  integrity sha512-oJFu94HQb+KVduSUQL7wnpmqnfmLsOA/nAh6b6EH0wCEoK0/mPeXU6c3wKDV83MkOuHPRHtSXKKU99IBazS/2w==

vite-plugin-commonjs@0.10.4:
  version "0.10.4"
  resolved "https://registry.yarnpkg.com/vite-plugin-commonjs/-/vite-plugin-commonjs-0.10.4.tgz#5bcf316a323e3b88e392ec2de8754ca5f249b74f"
  integrity sha512-eWQuvQKCcx0QYB5e5xfxBNjQKyrjEWZIR9UOkOV6JAgxVhtbZvCOF+FNC2ZijBJ3U3Px04ZMMyyMyFBVWIJ5+g==
  dependencies:
    acorn "^8.12.1"
    magic-string "^0.30.11"
    vite-plugin-dynamic-import "^1.6.0"

vite-plugin-dynamic-import@^1.6.0:
  version "1.6.0"
  resolved "https://registry.yarnpkg.com/vite-plugin-dynamic-import/-/vite-plugin-dynamic-import-1.6.0.tgz#c9680b2093fc897721fe535202acc8af77537ae4"
  integrity sha512-TM0sz70wfzTIo9YCxVFwS8OA9lNREsh+0vMHGSkWDTZ7bgd1Yjs5RV8EgB634l/91IsXJReg0xtmuQqP0mf+rg==
  dependencies:
    acorn "^8.12.1"
    es-module-lexer "^1.5.4"
    fast-glob "^3.3.2"
    magic-string "^0.30.11"

vite-plugin-restart@1.0.0:
  version "1.0.0"
  resolved "https://registry.yarnpkg.com/vite-plugin-restart/-/vite-plugin-restart-1.0.0.tgz#922ff027f9406e95cd8be27147c92b2a0c70a293"
  integrity sha512-t2ktkTOa+DQX05TEZm/3FE0DyrYEyFXdhG5gLcta5p71zOpg9yG3DeRcHWJVLJgWNoaVtOr4fUlr1kKu+WfXyQ==
  dependencies:
    micromatch "^4.0.8"

vite@8.0.0-beta.2:
  version "8.0.0-beta.2"
  resolved "https://registry.yarnpkg.com/vite/-/vite-8.0.0-beta.2.tgz#cf61623fd61ef375bb00b6cc9ea207e0005a6176"
  integrity sha512-PIkpGhNy7r5r6Sepwo07BDWf8vr6O4CXVBm+vg7aIpswvL0VNGTjok1qiNRypcqT9dhFQJggtPoubZwXM7yeAQ==
  dependencies:
    "@oxc-project/runtime" "0.102.0"
    fdir "^6.5.0"
    lightningcss "^1.30.2"
    picomatch "^4.0.3"
    postcss "^8.5.6"
    rolldown "1.0.0-beta.54"
    tinyglobby "^0.2.15"
  optionalDependencies:
    fsevents "~2.3.3"

zzz-kilua-assets@0.0.19:
  version "0.0.19"
  resolved "https://registry.yarnpkg.com/zzz-kilua-assets/-/zzz-kilua-assets-0.0.19.tgz#fc8a630b29cd360137ed78d4f2a875faab4bd6dc"
  integrity sha512-zj7ljx2UsgQ+ouEHhze/AhYvwYAK751ECJhbUS4lJUo7XUyAE6bWsKOyq8mUsntuUWUUmOuWnkfoeAiWUDa9Dw==
